// !$*UTF8*$!
{
	archiveVersion = 1;
	classes = {
	};
	objectVersion = 46;
	objects = {

/* Begin PBXBuildFile section */
		7CDD6D9A19927F5100138475 /* main.m in Sources */ = {isa = PBXBuildFile; fileRef = 7CDD6D9919927F5100138475 /* main.m */; };
		7CDD6D9D19927F5100138475 /* AppDelegate.m in Sources */ = {isa = PBXBuildFile; fileRef = 7CDD6D9C19927F5100138475 /* AppDelegate.m */; };
		7CDD6DA019927F5100138475 /* ViewController.m in Sources */ = {isa = PBXBuildFile; fileRef = 7CDD6D9F19927F5100138475 /* ViewController.m */; };
		7CDD6DA319927F5100138475 /* Main.storyboard in Resources */ = {isa = PBXBuildFile; fileRef = 7CDD6DA119927F5100138475 /* Main.storyboard */; };
		7CDD6DA519927F5100138475 /* Images.xcassets in Resources */ = {isa = PBXBuildFile; fileRef = 7CDD6DA419927F5100138475 /* Images.xcassets */; };
		7CDD6DB119927F5100138475 /* A_View_Into_The_WorldTests.m in Sources */ = {isa = PBXBuildFile; fileRef = 7CDD6DB019927F5100138475 /* A_View_Into_The_WorldTests.m */; };
/* End PBXBuildFile section */

/* Begin PBXContainerItemProxy section */
		7CDD6DAB19927F5100138475 /* PBXContainerItemProxy */ = {
			isa = PBXContainerItemProxy;
			containerPortal = 7CDD6D8C19927F5100138475 /* Project object */;
			proxyType = 1;
			remoteGlobalIDString = 7CDD6D9319927F5100138475;
			remoteInfo = "A View Into The World";
		};
/* End PBXContainerItemProxy section */

/* Begin PBXFileReference section */
		7CDD6D9419927F5100138475 /* A View Into The World.app */ = {isa = PBXFileReference; explicitFileType = wrapper.application; includeInIndex = 0; path = "A View Into The World.app"; sourceTree = BUILT_PRODUCTS_DIR; };
		7CDD6D9819927F5100138475 /* Info.plist */ = {isa = PBXFileReference; lastKnownFileType = text.plist.xml; path = Info.plist; sourceTree = "<group>"; };
		7CDD6D9919927F5100138475 /* main.m */ = {isa = PBXFileReference; lastKnownFileType = sourcecode.c.objc; path = main.m; sourceTree = "<group>"; };
		7CDD6D9B19927F5100138475 /* AppDelegate.h */ = {isa = PBXFileReference; lastKnownFileType = sourcecode.c.h; path = AppDelegate.h; sourceTree = "<group>"; };
		7CDD6D9C19927F5100138475 /* AppDelegate.m */ = {isa = PBXFileReference; lastKnownFileType = sourcecode.c.objc; path = AppDelegate.m; sourceTree = "<group>"; };
		7CDD6D9E19927F5100138475 /* ViewController.h */ = {isa = PBXFileReference; lastKnownFileType = sourcecode.c.h; path = ViewController.h; sourceTree = "<group>"; };
		7CDD6D9F19927F5100138475 /* ViewController.m */ = {isa = PBXFileReference; lastKnownFileType = sourcecode.c.objc; path = ViewController.m; sourceTree = "<group>"; };
		7CDD6DA219927F5100138475 /* Base */ = {isa = PBXFileReference; lastKnownFileType = file.storyboard; name = Base; path = Base.lproj/Main.storyboard; sourceTree = "<group>"; };
		7CDD6DA419927F5100138475 /* Images.xcassets */ = {isa = PBXFileReference; lastKnownFileType = folder.assetcatalog; path = Images.xcassets; sourceTree = "<group>"; };
		7CDD6DAA19927F5100138475 /* A View Into The WorldTests.xctest */ = {isa = PBXFileReference; explicitFileType = wrapper.cfbundle; includeInIndex = 0; path = "A View Into The WorldTests.xctest"; sourceTree = BUILT_PRODUCTS_DIR; };
		7CDD6DAF19927F5100138475 /* Info.plist */ = {isa = PBXFileReference; lastKnownFileType = text.plist.xml; path = Info.plist; sourceTree = "<group>"; };
		7CDD6DB019927F5100138475 /* A_View_Into_The_WorldTests.m */ = {isa = PBXFileReference; lastKnownFileType = sourcecode.c.objc; path = A_View_Into_The_WorldTests.m; sourceTree = "<group>"; };
/* End PBXFileReference section */

/* Begin PBXFrameworksBuildPhase section */
		7CDD6D9119927F5100138475 /* Frameworks */ = {
			isa = PBXFrameworksBuildPhase;
			buildActionMask = 2147483647;
			files = (
			);
			runOnlyForDeploymentPostprocessing = 0;
		};
		7CDD6DA719927F5100138475 /* Frameworks */ = {
			isa = PBXFrameworksBuildPhase;
			buildActionMask = 2147483647;
			files = (
			);
			runOnlyForDeploymentPostprocessing = 0;
		};
/* End PBXFrameworksBuildPhase section */

/* Begin PBXGroup section */
		7CDD6D8B19927F5100138475 = {
			isa = PBXGroup;
			children = (
				7CDD6D9619927F5100138475 /* A View Into The World */,
				7CDD6DAD19927F5100138475 /* A View Into The WorldTests */,
				7CDD6D9519927F5100138475 /* Products */,
			);
			sourceTree = "<group>";
		};
		7CDD6D9519927F5100138475 /* Products */ = {
			isa = PBXGroup;
			children = (
				7CDD6D9419927F5100138475 /* A View Into The World.app */,
				7CDD6DAA19927F5100138475 /* A View Into The WorldTests.xctest */,
			);
			name = Products;
			sourceTree = "<group>";
		};
		7CDD6D9619927F5100138475 /* A View Into The World */ = {
			isa = PBXGroup;
			children = (
				7CDD6D9B19927F5100138475 /* AppDelegate.h */,
				7CDD6D9C19927F5100138475 /* AppDelegate.m */,
				7CDD6D9E19927F5100138475 /* ViewController.h */,
				7CDD6D9F19927F5100138475 /* ViewController.m */,
				7CDD6DA119927F5100138475 /* Main.storyboard */,
				7CDD6DA419927F5100138475 /* Images.xcassets */,
				7CDD6D9719927F5100138475 /* Supporting Files */,
			);
			path = "A View Into The World";
			sourceTree = "<group>";
		};
		7CDD6D9719927F5100138475 /* Supporting Files */ = {
			isa = PBXGroup;
			children = (
				7CDD6D9819927F5100138475 /* Info.plist */,
				7CDD6D9919927F5100138475 /* main.m */,
			);
			name = "Supporting Files";
			sourceTree = "<group>";
		};
		7CDD6DAD19927F5100138475 /* A View Into The WorldTests */ = {
			isa = PBXGroup;
			children = (
				7CDD6DB019927F5100138475 /* A_View_Into_The_WorldTests.m */,
				7CDD6DAE19927F5100138475 /* Supporting Files */,
			);
			path = "A View Into The WorldTests";
			sourceTree = "<group>";
		};
		7CDD6DAE19927F5100138475 /* Supporting Files */ = {
			isa = PBXGroup;
			children = (
				7CDD6DAF19927F5100138475 /* Info.plist */,
			);
			name = "Supporting Files";
			sourceTree = "<group>";
		};
/* End PBXGroup section */

/* Begin PBXNativeTarget section */
		7CDD6D9319927F5100138475 /* A View Into The World */ = {
			isa = PBXNativeTarget;
			buildConfigurationList = 7CDD6DB419927F5100138475 /* Build configuration list for PBXNativeTarget "A View Into The World" */;
			buildPhases = (
				7CDD6D9019927F5100138475 /* Sources */,
				7CDD6D9119927F5100138475 /* Frameworks */,
				7CDD6D9219927F5100138475 /* Resources */,
			);
			buildRules = (
			);
			dependencies = (
			);
			name = "A View Into The World";
			productName = "A View Into The World";
			productReference = 7CDD6D9419927F5100138475 /* A View Into The World.app */;
			productType = "com.apple.product-type.application";
		};
		7CDD6DA919927F5100138475 /* A View Into The WorldTests */ = {
			isa = PBXNativeTarget;
			buildConfigurationList = 7CDD6DB719927F5100138475 /* Build configuration list for PBXNativeTarget "A View Into The WorldTests" */;
			buildPhases = (
				7CDD6DA619927F5100138475 /* Sources */,
				7CDD6DA719927F5100138475 /* Frameworks */,
				7CDD6DA819927F5100138475 /* Resources */,
			);
			buildRules = (
			);
			dependencies = (
				7CDD6DAC19927F5100138475 /* PBXTargetDependency */,
			);
			name = "A View Into The WorldTests";
			productName = "A View Into The WorldTests";
			productReference = 7CDD6DAA19927F5100138475 /* A View Into The WorldTests.xctest */;
			productType = "com.apple.product-type.bundle.unit-test";
		};
/* End PBXNativeTarget section */

/* Begin PBXProject section */
		7CDD6D8C19927F5100138475 /* Project object */ = {
			isa = PBXProject;
			attributes = {
				LastUpgradeCheck = 0600;
				ORGANIZATIONNAME = Reque.st;
				TargetAttributes = {
					7CDD6D9319927F5100138475 = {
						CreatedOnToolsVersion = 6.0;
					};
					7CDD6DA919927F5100138475 = {
						CreatedOnToolsVersion = 6.0;
						TestTargetID = 7CDD6D9319927F5100138475;
					};
				};
			};
			buildConfigurationList = 7CDD6D8F19927F5100138475 /* Build configuration list for PBXProject "A View Into The World" */;
			compatibilityVersion = "Xcode 3.2";
			developmentRegion = English;
			hasScannedForEncodings = 0;
			knownRegions = (
				en,
				Base,
			);
			mainGroup = 7CDD6D8B19927F5100138475;
			productRefGroup = 7CDD6D9519927F5100138475 /* Products */;
			projectDirPath = "";
			projectRoot = "";
			targets = (
				7CDD6D9319927F5100138475 /* A View Into The World */,
				7CDD6DA919927F5100138475 /* A View Into The WorldTests */,
			);
		};
/* End PBXProject section */

/* Begin PBXResourcesBuildPhase section */
		7CDD6D9219927F5100138475 /* Resources */ = {
			isa = PBXResourcesBuildPhase;
			buildActionMask = 2147483647;
			files = (
				7CDD6DA319927F5100138475 /* Main.storyboard in Resources */,
				7CDD6DA519927F5100138475 /* Images.xcassets in Resources */,
			);
			runOnlyForDeploymentPostprocessing = 0;
		};
		7CDD6DA819927F5100138475 /* Resources */ = {
			isa = PBXResourcesBuildPhase;
			buildActionMask = 2147483647;
			files = (
			);
			runOnlyForDeploymentPostprocessing = 0;
		};
/* End PBXResourcesBuildPhase section */

/* Begin PBXSourcesBuildPhase section */
		7CDD6D9019927F5100138475 /* Sources */ = {
			isa = PBXSourcesBuildPhase;
			buildActionMask = 2147483647;
			files = (
				7CDD6DA019927F5100138475 /* ViewController.m in Sources */,
				7CDD6D9D19927F5100138475 /* AppDelegate.m in Sources */,
				7CDD6D9A19927F5100138475 /* main.m in Sources */,
			);
			runOnlyForDeploymentPostprocessing = 0;
		};
		7CDD6DA619927F5100138475 /* Sources */ = {
			isa = PBXSourcesBuildPhase;
			buildActionMask = 2147483647;
			files = (
				7CDD6DB119927F5100138475 /* A_View_Into_The_WorldTests.m in Sources */,
			);
			runOnlyForDeploymentPostprocessing = 0;
		};
/* End PBXSourcesBuildPhase section */

/* Begin PBXTargetDependency section */
		7CDD6DAC19927F5100138475 /* PBXTargetDependency */ = {
			isa = PBXTargetDependency;
			target = 7CDD6D9319927F5100138475 /* A View Into The World */;
			targetProxy = 7CDD6DAB19927F5100138475 /* PBXContainerItemProxy */;
		};
/* End PBXTargetDependency section */

/* Begin PBXVariantGroup section */
		7CDD6DA119927F5100138475 /* Main.storyboard */ = {
			isa = PBXVariantGroup;
			children = (
				7CDD6DA219927F5100138475 /* Base */,
			);
			name = Main.storyboard;
			sourceTree = "<group>";
		};
/* End PBXVariantGroup section */

/* Begin XCBuildConfiguration section */
		7CDD6DB219927F5100138475 /* Debug */ = {
			isa = XCBuildConfiguration;
			buildSettings = {
				ALWAYS_SEARCH_USER_PATHS = NO;
				CLANG_CXX_LANGUAGE_STANDARD = "gnu++0x";
				CLANG_CXX_LIBRARY = "libc++";
				CLANG_ENABLE_MODULES = YES;
				CLANG_ENABLE_OBJC_ARC = YES;
				CLANG_WARN_BOOL_CONVERSION = YES;
				CLANG_WARN_CONSTANT_CONVERSION = YES;
				CLANG_WARN_DIRECT_OBJC_ISA_USAGE = YES_ERROR;
				CLANG_WARN_EMPTY_BODY = YES;
				CLANG_WARN_ENUM_CONVERSION = YES;
				CLANG_WARN_INT_CONVERSION = YES;
				CLANG_WARN_OBJC_ROOT_CLASS = YES_ERROR;
				CLANG_WARN_UNREACHABLE_CODE = YES;
				CLANG_WARN__DUPLICATE_METHOD_MATCH = YES;
				"CODE_SIGN_IDENTITY[sdk=iphoneos*]" = "iPhone Developer";
				COPY_PHASE_STRIP = NO;
				ENABLE_STRICT_OBJC_MSGSEND = YES;
				GCC_C_LANGUAGE_STANDARD = gnu99;
				GCC_DYNAMIC_NO_PIC = NO;
				GCC_OPTIMIZATION_LEVEL = 0;
				GCC_PREPROCESSOR_DEFINITIONS = (
					"DEBUG=1",
					"$(inherited)",
				);
				GCC_SYMBOLS_PRIVATE_EXTERN = NO;
				GCC_WARN_64_TO_32_BIT_CONVERSION = YES;
				GCC_WARN_ABOUT_RETURN_TYPE = YES_ERROR;
				GCC_WARN_UNDECLARED_SELECTOR = YES;
				GCC_WARN_UNINITIALIZED_AUTOS = YES_AGGRESSIVE;
				GCC_WARN_UNUSED_FUNCTION = YES;
				GCC_WARN_UNUSED_VARIABLE = YES;
				IPHONEOS_DEPLOYMENT_TARGET = 8.0;
				MTL_ENABLE_DEBUG_INFO = YES;
				ONLY_ACTIVE_ARCH = YES;
				SDKROOT = iphoneos;
			};
			name = Debug;
		};
		7CDD6DB319927F5100138475 /* Release */ = {
			isa = XCBuildConfiguration;
			buildSettings = {
				ALWAYS_SEARCH_USER_PATHS = NO;
				CLANG_CXX_LANGUAGE_STANDARD = "gnu++0x";
				CLANG_CXX_LIBRARY = "libc++";
				CLANG_ENABLE_MODULES = YES;
				CLANG_ENABLE_OBJC_ARC = YES;
				CLANG_WARN_BOOL_CONVERSION = YES;
				CLANG_WARN_CONSTANT_CONVERSION = YES;
				CLANG_WARN_DIRECT_OBJC_ISA_USAGE = YES_ERROR;
				CLANG_WARN_EMPTY_BODY = YES;
				CLANG_WARN_ENUM_CONVERSION = YES;
				CLANG_WARN_INT_CONVERSION = YES;
				CLANG_WARN_OBJC_ROOT_CLASS = YES_ERROR;
				CLANG_WARN_UNREACHABLE_CODE = YES;
				CLANG_WARN__DUPLICATE_METHOD_MATCH = YES;
				"CODE_SIGN_IDENTITY[sdk=iphoneos*]" = "iPhone Developer";
				COPY_PHASE_STRIP = YES;
				ENABLE_NS_ASSERTIONS = NO;
				ENABLE_STRICT_OBJC_MSGSEND = YES;
				GCC_C_LANGUAGE_STANDARD = gnu99;
				GCC_WARN_64_TO_32_BIT_CONVERSION = YES;
				GCC_WARN_ABOUT_RETURN_TYPE = YES_ERROR;
				GCC_WARN_UNDECLARED_SELECTOR = YES;
				GCC_WARN_UNINITIALIZED_AUTOS = YES_AGGRESSIVE;
				GCC_WARN_UNUSED_FUNCTION = YES;
				GCC_WARN_UNUSED_VARIABLE = YES;
				IPHONEOS_DEPLOYMENT_TARGET = 8.0;
				MTL_ENABLE_DEBUG_INFO = NO;
				SDKROOT = iphoneos;
				VALIDATE_PRODUCT = YES;
			};
			name = Release;
		};
		7CDD6DB519927F5100138475 /* Debug */ = {
			isa = XCBuildConfiguration;
			buildSettings = {
				ASSETCATALOG_COMPILER_APPICON_NAME = AppIcon;
				ASSETCATALOG_COMPILER_LAUNCHIMAGE_NAME = LaunchImage;
				INFOPLIST_FILE = "A View Into The World/Info.plist";
				LD_RUNPATH_SEARCH_PATHS = "$(inherited) @executable_path/Frameworks";
				PRODUCT_NAME = "$(TARGET_NAME)";
			};
			name = Debug;
		};
		7CDD6DB619927F5100138475 /* Release */ = {
			isa = XCBuildConfiguration;
			buildSettings = {
				ASSETCATALOG_COMPILER_APPICON_NAME = AppIcon;
				ASSETCATALOG_COMPILER_LAUNCHIMAGE_NAME = LaunchImage;
				INFOPLIST_FILE = "A View Into The World/Info.plist";
				LD_RUNPATH_SEARCH_PATHS = "$(inherited) @executable_path/Frameworks";
				PRODUCT_NAME = "$(TARGET_NAME)";
			};
			name = Release;
		};
		7CDD6DB819927F5100138475 /* Debug */ = {
			isa = XCBuildConfiguration;
			buildSettings = {
				BUNDLE_LOADER = "$(TEST_HOST)";
				FRAMEWORK_SEARCH_PATHS = (
					"$(SDKROOT)/Developer/Library/Frameworks",
					"$(inherited)",
				);
				GCC_PREPROCESSOR_DEFINITIONS = (
					"DEBUG=1",
					"$(inherited)",
				);
				INFOPLIST_FILE = "A View Into The WorldTests/Info.plist";
				LD_RUNPATH_SEARCH_PATHS = "$(inherited) @executable_path/Frameworks @loader_path/Frameworks";
				PRODUCT_NAME = "$(TARGET_NAME)";
				TEST_HOST = "$(BUILT_PRODUCTS_DIR)/A View Into The World.app/A View Into The World";
			};
			name = Debug;
		};
		7CDD6DB919927F5100138475 /* Release */ = {
			isa = XCBuildConfiguration;
			buildSettings = {
				BUNDLE_LOADER = "$(TEST_HOST)";
				FRAMEWORK_SEARCH_PATHS = (
					"$(SDKROOT)/Developer/Library/Frameworks",
					"$(inherited)",
				);
				INFOPLIST_FILE = "A View Into The WorldTests/Info.plist";
				LD_RUNPATH_SEARCH_PATHS = "$(inherited) @executable_path/Frameworks @loader_path/Frameworks";
				PRODUCT_NAME = "$(TARGET_NAME)";
				TEST_HOST = "$(BUILT_PRODUCTS_DIR)/A View Into The World.app/A View Into The World";
			};
			name = Release;
		};
/* End XCBuildConfiguration section */

/* Begin XCConfigurationList section */
		7CDD6D8F19927F5100138475 /* Build configuration list for PBXProject "A View Into The World" */ = {
			isa = XCConfigurationList;
			buildConfigurations = (
				7CDD6DB219927F5100138475 /* Debug */,
				7CDD6DB319927F5100138475 /* Release */,
			);
			defaultConfigurationIsVisible = 0;
			defaultConfigurationName = Release;
		};
		7CDD6DB419927F5100138475 /* Build configuration list for PBXNativeTarget "A View Into The World" */ = {
			isa = XCConfigurationList;
			buildConfigurations = (
				7CDD6DB519927F5100138475 /* Debug */,
				7CDD6DB619927F5100138475 /* Release */,
			);
			defaultConfigurationIsVisible = 0;
		};
		7CDD6DB719927F5100138475 /* Build configuration list for PBXNativeTarget "A View Into The WorldTests" */ = {
			isa = XCConfigurationList;
			buildConfigurations = (
				7CDD6DB819927F5100138475 /* Debug */,
				7CDD6DB919927F5100138475 /* Release */,
			);
			defaultConfigurationIsVisible = 0;
		};
/* End XCConfigurationList section */
	};
	rootObject = 7CDD6D8C19927F5100138475 /* Project object */;
}
